
Microsoft Visual Studio Solution File, Format Version 12.00
# Visual Studio Version 17
VisualStudioVersion = 17.1.32407.343
MinimumVisualStudioVersion = 10.0.40219.1
Project("{FAE04EC0-301F-11D3-BF4B-00C04F79EFBC}") = "SampleDiscordBot", "SampleDiscordBot\SampleDiscordBot.csproj", "{13AC1F36-47DA-4D8F-BFB8-843F9E83794A}"
EndProject
Global
	GlobalSection(SolutionConfigurationPlatforms) = preSolution
		Debug|Any CPU = Debug|Any CPU
		Release|Any CPU = Release|Any CPU
	EndGlobalSection
	GlobalSection(ProjectConfigurationPlatforms) = postSolution
		{13AC1F36-47DA-4D8F-BFB8-843F9E83794A}.Debug|Any CPU.ActiveCfg = Debug|Any CPU
		{13AC1F36-47DA-4D8F-BFB8-843F9E83794A}.Debug|Any CPU.Build.0 = Debug|Any CPU
		{13AC1F36-47DA-4D8F-BFB8-843F9E83794A}.Release|Any CPU.ActiveCfg = Release|Any CPU
		{13AC1F36-47DA-4D8F-BFB8-843F9E83794A}.Release|Any CPU.Build.0 = Release|Any CPU
	EndGlobalSection
	GlobalSection(SolutionProperties) = preSolution
		HideSolutionNode = FALSE
	EndGlobalSection
	GlobalSection(ExtensibilityGlobals) = postSolution
		SolutionGuid = {37A8EAEC-F7AC-49A1-BC87-814797DE7B6D}
	EndGlobalSection
EndGlobal
